
Microsoft Visual Studio Solution File, Format Version 12.00
# Visual Studio Express 2012 for Web
Project("{FAE04EC0-301F-11D3-BF4B-00C04F79EFBC}") = "GrantApplication", "GrantApplication\GrantApplication.csproj", "{2CC557F8-3C59-478C-8226-35755351E651}"
EndProject
Global
	GlobalSection(SolutionConfigurationPlatforms) = preSolution
		Debug|Any CPU = Debug|Any CPU
		Release|Any CPU = Release|Any CPU
	EndGlobalSection
	GlobalSection(ProjectConfigurationPlatforms) = postSolution
		{2CC557F8-3C59-478C-8226-35755351E651}.Debug|Any CPU.ActiveCfg = Debug|Any CPU
		{2CC557F8-3C59-478C-8226-35755351E651}.Debug|Any CPU.Build.0 = Debug|Any CPU
		{2CC557F8-3C59-478C-8226-35755351E651}.Release|Any CPU.ActiveCfg = Release|Any CPU
		{2CC557F8-3C59-478C-8226-35755351E651}.Release|Any CPU.Build.0 = Release|Any CPU
	EndGlobalSection
	GlobalSection(SolutionProperties) = preSolution
		HideSolutionNode = FALSE
	EndGlobalSection
EndGlobal
